
Microsoft Visual Studio Solution File, Format Version 12.00
Project("{FAE04EC0-301F-11D3-BF4B-00C04F79EFBC}") = "Server", "Server\Server.csproj", "{09DA0CEE-1C6E-4064-A715-C90331FD10A2}"
EndProject
Project("{FAE04EC0-301F-11D3-BF4B-00C04F79EFBC}") = "Domain", "Domain\Domain.csproj", "{E4C49635-9390-4856-A352-23CF2B123750}"
EndProject
Project("{FAE04EC0-301F-11D3-BF4B-00C04F79EFBC}") = "Api", "Api\Api.csproj", "{339D09A6-51BA-4889-BDE9-0654E8AA5D32}"
EndProject
Project("{FAE04EC0-301F-11D3-BF4B-00C04F79EFBC}") = "Application", "Application\Application.csproj", "{3DCB2CAF-24BB-4E98-AAEC-592DF30EEF1E}"
EndProject
Project("{FAE04EC0-301F-11D3-BF4B-00C04F79EFBC}") = "Application.Contracts", "Application.Contracts\Application.Contracts.csproj", "{46386D01-40E8-4C28-A694-D78A55BD7F07}"
EndProject
Project("{FAE04EC0-301F-11D3-BF4B-00C04F79EFBC}") = "Infrastructure", "Infrastructure\Infrastructure.csproj", "{D148C091-FE2E-4735-83C4-66670C811740}"
EndProject
Project("{2150E333-8FDC-42A3-9474-1A3956D46DE8}") = "Presentation", "Presentation", "{4B97B7BA-DDBC-4F0B-AEDF-2F44E782E722}"
EndProject
Project("{2150E333-8FDC-42A3-9474-1A3956D46DE8}") = "Application", "Application", "{55804EC1-9ACE-4E9A-BBE5-27D71AD951A7}"
EndProject
Project("{2150E333-8FDC-42A3-9474-1A3956D46DE8}") = "Domain", "Domain", "{2D88C2BA-CF63-4D15-90E3-48EC27342B53}"
EndProject
Project("{2150E333-8FDC-42A3-9474-1A3956D46DE8}") = "Infrastructure", "Infrastructure", "{EA201EAF-1795-4FC5-9A0F-5CC58C3A6FFB}"
EndProject
Global
	GlobalSection(SolutionConfigurationPlatforms) = preSolution
		Debug|Any CPU = Debug|Any CPU
		Release|Any CPU = Release|Any CPU
	EndGlobalSection
	GlobalSection(ProjectConfigurationPlatforms) = postSolution
		{09DA0CEE-1C6E-4064-A715-C90331FD10A2}.Debug|Any CPU.ActiveCfg = Debug|Any CPU
		{09DA0CEE-1C6E-4064-A715-C90331FD10A2}.Debug|Any CPU.Build.0 = Debug|Any CPU
		{09DA0CEE-1C6E-4064-A715-C90331FD10A2}.Release|Any CPU.ActiveCfg = Release|Any CPU
		{09DA0CEE-1C6E-4064-A715-C90331FD10A2}.Release|Any CPU.Build.0 = Release|Any CPU
		{E4C49635-9390-4856-A352-23CF2B123750}.Debug|Any CPU.ActiveCfg = Debug|Any CPU
		{E4C49635-9390-4856-A352-23CF2B123750}.Debug|Any CPU.Build.0 = Debug|Any CPU
		{E4C49635-9390-4856-A352-23CF2B123750}.Release|Any CPU.ActiveCfg = Release|Any CPU
		{E4C49635-9390-4856-A352-23CF2B123750}.Release|Any CPU.Build.0 = Release|Any CPU
		{339D09A6-51BA-4889-BDE9-0654E8AA5D32}.Debug|Any CPU.ActiveCfg = Debug|Any CPU
		{339D09A6-51BA-4889-BDE9-0654E8AA5D32}.Debug|Any CPU.Build.0 = Debug|Any CPU
		{339D09A6-51BA-4889-BDE9-0654E8AA5D32}.Release|Any CPU.ActiveCfg = Release|Any CPU
		{339D09A6-51BA-4889-BDE9-0654E8AA5D32}.Release|Any CPU.Build.0 = Release|Any CPU
		{3DCB2CAF-24BB-4E98-AAEC-592DF30EEF1E}.Debug|Any CPU.ActiveCfg = Debug|Any CPU
		{3DCB2CAF-24BB-4E98-AAEC-592DF30EEF1E}.Debug|Any CPU.Build.0 = Debug|Any CPU
		{3DCB2CAF-24BB-4E98-AAEC-592DF30EEF1E}.Release|Any CPU.ActiveCfg = Release|Any CPU
		{3DCB2CAF-24BB-4E98-AAEC-592DF30EEF1E}.Release|Any CPU.Build.0 = Release|Any CPU
		{46386D01-40E8-4C28-A694-D78A55BD7F07}.Debug|Any CPU.ActiveCfg = Debug|Any CPU
		{46386D01-40E8-4C28-A694-D78A55BD7F07}.Debug|Any CPU.Build.0 = Debug|Any CPU
		{46386D01-40E8-4C28-A694-D78A55BD7F07}.Release|Any CPU.ActiveCfg = Release|Any CPU
		{46386D01-40E8-4C28-A694-D78A55BD7F07}.Release|Any CPU.Build.0 = Release|Any CPU
		{D148C091-FE2E-4735-83C4-66670C811740}.Debug|Any CPU.ActiveCfg = Debug|Any CPU
		{D148C091-FE2E-4735-83C4-66670C811740}.Debug|Any CPU.Build.0 = Debug|Any CPU
		{D148C091-FE2E-4735-83C4-66670C811740}.Release|Any CPU.ActiveCfg = Release|Any CPU
		{D148C091-FE2E-4735-83C4-66670C811740}.Release|Any CPU.Build.0 = Release|Any CPU
	EndGlobalSection
	GlobalSection(NestedProjects) = preSolution
		{339D09A6-51BA-4889-BDE9-0654E8AA5D32} = {4B97B7BA-DDBC-4F0B-AEDF-2F44E782E722}
		{3DCB2CAF-24BB-4E98-AAEC-592DF30EEF1E} = {55804EC1-9ACE-4E9A-BBE5-27D71AD951A7}
		{46386D01-40E8-4C28-A694-D78A55BD7F07} = {55804EC1-9ACE-4E9A-BBE5-27D71AD951A7}
		{E4C49635-9390-4856-A352-23CF2B123750} = {2D88C2BA-CF63-4D15-90E3-48EC27342B53}
		{D148C091-FE2E-4735-83C4-66670C811740} = {EA201EAF-1795-4FC5-9A0F-5CC58C3A6FFB}
	EndGlobalSection
EndGlobal
